
Microsoft Visual Studio Solution File, Format Version 12.00
# Visual Studio 15
VisualStudioVersion = 15.0.26730.8
MinimumVisualStudioVersion = 10.0.40219.1
Project("{2150E333-8FDC-42A3-9474-1A3956D46DE8}") = "NuGet", "NuGet", "{88B78898-01FF-4B14-9EBA-575C4B767793}"
	ProjectSection(SolutionItems) = preProject
		googletest.autopkg = googletest.autopkg
	EndProjectSection
EndProject
Project("{8BC9CEB8-8B4A-11D0-8D11-00A0C91BC942}") = "googletest_v141", "googletest_v141\googletest_v141.vcxproj", "{C1549E36-7AF9-45BA-86AF-FF581DF6F9E0}"
EndProject
Global
	GlobalSection(SolutionConfigurationPlatforms) = preSolution
		Debug|Win32 = Debug|Win32
		Debug|x64 = Debug|x64
		Release|Win32 = Release|Win32
		Release|x64 = Release|x64
	EndGlobalSection
	GlobalSection(ProjectConfigurationPlatforms) = postSolution
		{C1549E36-7AF9-45BA-86AF-FF581DF6F9E0}.Debug|Win32.ActiveCfg = Debug|Win32
		{C1549E36-7AF9-45BA-86AF-FF581DF6F9E0}.Debug|Win32.Build.0 = Debug|Win32
		{C1549E36-7AF9-45BA-86AF-FF581DF6F9E0}.Debug|x64.ActiveCfg = Debug|x64
		{C1549E36-7AF9-45BA-86AF-FF581DF6F9E0}.Debug|x64.Build.0 = Debug|x64
		{C1549E36-7AF9-45BA-86AF-FF581DF6F9E0}.Release|Win32.ActiveCfg = Release|Win32
		{C1549E36-7AF9-45BA-86AF-FF581DF6F9E0}.Release|Win32.Build.0 = Release|Win32
		{C1549E36-7AF9-45BA-86AF-FF581DF6F9E0}.Release|x64.ActiveCfg = Release|x64
		{C1549E36-7AF9-45BA-86AF-FF581DF6F9E0}.Release|x64.Build.0 = Release|x64
	EndGlobalSection
	GlobalSection(SolutionProperties) = preSolution
		HideSolutionNode = FALSE
	EndGlobalSection
	GlobalSection(ExtensibilityGlobals) = postSolution
		SolutionGuid = {56EFD1FA-8531-40EF-B6D1-1A1CF0C2C58D}
	EndGlobalSection
EndGlobal
